
Microsoft Visual Studio Solution File, Format Version 12.00
# Visual Studio Version 17
VisualStudioVersion = 17.0.31903.59
MinimumVisualStudioVersion = 10.0.40219.1
Project("{FAE04EC0-301F-11D3-BF4B-00C04F79EFBC}") = "Ghbvft6.Dvo", "Ghbvft6.Dvo\Ghbvft6.Dvo.csproj", "{6A6E9095-5F63-432B-B9D9-ADE1E2BF328B}"
EndProject
Project("{FAE04EC0-301F-11D3-BF4B-00C04F79EFBC}") = "Ghbvft6.DvoTest", "Ghbvft6.DvoTest\Ghbvft6.DvoTest.csproj", "{6FB0B3BE-AB58-450A-8980-D04537D4F6A3}"
EndProject
Global
	GlobalSection(SolutionConfigurationPlatforms) = preSolution
		Debug|Any CPU = Debug|Any CPU
		Release|Any CPU = Release|Any CPU
	EndGlobalSection
	GlobalSection(SolutionProperties) = preSolution
		HideSolutionNode = FALSE
	EndGlobalSection
	GlobalSection(ProjectConfigurationPlatforms) = postSolution
		{6A6E9095-5F63-432B-B9D9-ADE1E2BF328B}.Debug|Any CPU.ActiveCfg = Debug|Any CPU
		{6A6E9095-5F63-432B-B9D9-ADE1E2BF328B}.Debug|Any CPU.Build.0 = Debug|Any CPU
		{6A6E9095-5F63-432B-B9D9-ADE1E2BF328B}.Release|Any CPU.ActiveCfg = Release|Any CPU
		{6A6E9095-5F63-432B-B9D9-ADE1E2BF328B}.Release|Any CPU.Build.0 = Release|Any CPU
		{6FB0B3BE-AB58-450A-8980-D04537D4F6A3}.Debug|Any CPU.ActiveCfg = Debug|Any CPU
		{6FB0B3BE-AB58-450A-8980-D04537D4F6A3}.Debug|Any CPU.Build.0 = Debug|Any CPU
		{6FB0B3BE-AB58-450A-8980-D04537D4F6A3}.Release|Any CPU.ActiveCfg = Release|Any CPU
		{6FB0B3BE-AB58-450A-8980-D04537D4F6A3}.Release|Any CPU.Build.0 = Release|Any CPU
	EndGlobalSection
EndGlobal
