{
  "version": 1,
  "dependencies": {
    "net7.0": {
      "CalqFramework.Cli": {
        "type": "Direct",
        "requested": "[0.*, )",
        "resolved": "0.23.0",
        "contentHash": "g7a6HPFwqGWd21m80X4qIFgidkYU34RQe4xZHUarGIEs2Ova1nqvHqoJJsie5GL+5WP/XJFIF2xYJeSMlrHDjA==",
        "dependencies": {
          "CalqFramework.Serialization": "0.14.0"
        }
      },
      "CalqFramework.Shell": {
        "type": "Direct",
        "requested": "[0.*, )",
        "resolved": "0.5.0",
        "contentHash": "rrRkmDZvq8Y5LIu77G1EG+N+3c0HDPsux+FTYn+Jj/cw30FJJEmbhWFtbL6OZhIGT5DKRqmWbHn2mGqRruom8w=="
      },
      "CalqFramework.Serialization": {
        "type": "Transitive",
        "resolved": "0.14.0",
        "contentHash": "UJpwuFD3TUd6/VGvv4qMVAl9nulEMZHVmCnQYniEOcPQ4VXqaIMape8wD/rvlTv/pVRYcJhbMMCz4hJ49CYmhg==",
        "dependencies": {
          "Newtonsoft.Json": "13.0.3"
        }
      },
      "Newtonsoft.Json": {
        "type": "Transitive",
        "resolved": "13.0.3",
        "contentHash": "HrC5BXdl00IP9zeV+0Z848QWPAoCr9P3bDEZguI+gkLcBKAOxix/tLEAAHC+UvDNPv4a2d18lOReHMOagPa+zQ=="
      }
    }
  }
}