{
  "version": 1,
  "dependencies": {
    "net9.0": {
      "CalqFramework.Cli": {
        "type": "Direct",
        "requested": "[0.*, )",
        "resolved": "0.46.4",
        "contentHash": "1+hgmVa6ylic7gywu+r6leF7L9StTuZb8rUI2R9xW7kWjH57lSvV9b4A2iqXszQRM3j6WAWgExbfv1yyqVtWPA==",
        "dependencies": {
          "CalqFramework.DataAccess": "0.46.4"
        }
      },
      "CalqFramework.Cmd": {
        "type": "Direct",
        "requested": "[0.*, )",
        "resolved": "0.23.3",
        "contentHash": "MlbcaDu8OW7uYfmGBkMaW2hI1cOVg2eZZSR/QXiWaA/Ke+qeeHGiaShOpGBr5QdLW+RPPx46kPOyEFtK6CwJ1A=="
      },
      "CalqFramework.DataAccess": {
        "type": "Transitive",
        "resolved": "0.46.4",
        "contentHash": "kWlmWLtUnOIlEnXIIAI4qt/fItVyjlau8/7eR5FI2nvPAOBtuzAeqgKmtYc9fyRxo/rSLbhJ0x1U31Xj+/LONg=="
      }
    }
  }
}